
Microsoft Visual Studio Solution File, Format Version 12.00
# Visual Studio Version 17
VisualStudioVersion = 17.1.32407.343
MinimumVisualStudioVersion = 10.0.40219.1
Project("{9A19103F-16F7-4668-BE54-9A1E7A4F7556}") = "McEditor", "McEditor\McEditor.csproj", "{0D3C481C-9631-4654-A4DE-4FA574338906}"
EndProject
Project("{2150E333-8FDC-42A3-9474-1A3956D46DE8}") = "Editor", "Editor", "{0521AC9F-DB3E-4566-8EE4-71700CAB3570}"
EndProject
Project("{D954291E-2A0B-460D-934E-DC6B0785DB48}") = "McEdShare", "McEdShare\McEdShare.shproj", "{E1B5588C-F2CF-44FA-A5C3-B862A26EF1F5}"
EndProject
Project("{2150E333-8FDC-42A3-9474-1A3956D46DE8}") = "Runtime", "Runtime", "{9EE8E818-5B67-4E61-BAB9-7786AD87C1AD}"
EndProject
Project("{8BC9CEB8-8B4A-11D0-8D11-00A0C91BC942}") = "McEngine", "McEngine\McEngine.vcxproj", "{E221BB03-AC7B-45E0-9382-6113FEDEC55F}"
EndProject
Project("{8BC9CEB8-8B4A-11D0-8D11-00A0C91BC942}") = "StandaloneWindows", "StandaloneWindows\StandaloneWindows.vcxproj", "{BF2E32FF-3BAF-4F92-982A-E2904CE16521}"
EndProject
Project("{8BC9CEB8-8B4A-11D0-8D11-00A0C91BC942}") = "McEnCore", "McEnCore\McEnCore.vcxproj", "{F6D513D1-E1DB-4758-9973-94BD5066CB49}"
EndProject
Project("{8BC9CEB8-8B4A-11D0-8D11-00A0C91BC942}") = "D3D12Renderer", "D3D12Renderer\D3D12Renderer.vcxproj", "{2AA29B91-0528-411D-BFE9-F27C24B317C4}"
EndProject
Project("{2150E333-8FDC-42A3-9474-1A3956D46DE8}") = "Libs", "Libs", "{E9B6EBD6-C6CD-4952-80B4-EA15679E0521}"
EndProject
Project("{2150E333-8FDC-42A3-9474-1A3956D46DE8}") = "Launcher", "Launcher", "{B5D98884-2C0D-4AE5-A7A3-28E456B9BE5D}"
EndProject
Global
	GlobalSection(SolutionConfigurationPlatforms) = preSolution
		Debug|Any CPU = Debug|Any CPU
		Debug|x64 = Debug|x64
		Debug|x86 = Debug|x86
		Release|Any CPU = Release|Any CPU
		Release|x64 = Release|x64
		Release|x86 = Release|x86
	EndGlobalSection
	GlobalSection(ProjectConfigurationPlatforms) = postSolution
		{0D3C481C-9631-4654-A4DE-4FA574338906}.Debug|Any CPU.ActiveCfg = Debug|Any CPU
		{0D3C481C-9631-4654-A4DE-4FA574338906}.Debug|Any CPU.Build.0 = Debug|Any CPU
		{0D3C481C-9631-4654-A4DE-4FA574338906}.Debug|x64.ActiveCfg = Debug|x64
		{0D3C481C-9631-4654-A4DE-4FA574338906}.Debug|x64.Build.0 = Debug|x64
		{0D3C481C-9631-4654-A4DE-4FA574338906}.Debug|x86.ActiveCfg = Debug|Any CPU
		{0D3C481C-9631-4654-A4DE-4FA574338906}.Debug|x86.Build.0 = Debug|Any CPU
		{0D3C481C-9631-4654-A4DE-4FA574338906}.Release|Any CPU.ActiveCfg = Release|Any CPU
		{0D3C481C-9631-4654-A4DE-4FA574338906}.Release|Any CPU.Build.0 = Release|Any CPU
		{0D3C481C-9631-4654-A4DE-4FA574338906}.Release|x64.ActiveCfg = Release|x64
		{0D3C481C-9631-4654-A4DE-4FA574338906}.Release|x64.Build.0 = Release|x64
		{0D3C481C-9631-4654-A4DE-4FA574338906}.Release|x86.ActiveCfg = Release|Any CPU
		{0D3C481C-9631-4654-A4DE-4FA574338906}.Release|x86.Build.0 = Release|Any CPU
		{E221BB03-AC7B-45E0-9382-6113FEDEC55F}.Debug|Any CPU.ActiveCfg = Debug|Win32
		{E221BB03-AC7B-45E0-9382-6113FEDEC55F}.Debug|Any CPU.Build.0 = Debug|Win32
		{E221BB03-AC7B-45E0-9382-6113FEDEC55F}.Debug|x64.ActiveCfg = Debug|x64
		{E221BB03-AC7B-45E0-9382-6113FEDEC55F}.Debug|x64.Build.0 = Debug|x64
		{E221BB03-AC7B-45E0-9382-6113FEDEC55F}.Debug|x86.ActiveCfg = Debug|Win32
		{E221BB03-AC7B-45E0-9382-6113FEDEC55F}.Debug|x86.Build.0 = Debug|Win32
		{E221BB03-AC7B-45E0-9382-6113FEDEC55F}.Release|Any CPU.ActiveCfg = Release|Win32
		{E221BB03-AC7B-45E0-9382-6113FEDEC55F}.Release|Any CPU.Build.0 = Release|Win32
		{E221BB03-AC7B-45E0-9382-6113FEDEC55F}.Release|x64.ActiveCfg = Release|x64
		{E221BB03-AC7B-45E0-9382-6113FEDEC55F}.Release|x64.Build.0 = Release|x64
		{E221BB03-AC7B-45E0-9382-6113FEDEC55F}.Release|x86.ActiveCfg = Release|Win32
		{E221BB03-AC7B-45E0-9382-6113FEDEC55F}.Release|x86.Build.0 = Release|Win32
		{BF2E32FF-3BAF-4F92-982A-E2904CE16521}.Debug|Any CPU.ActiveCfg = Debug|Win32
		{BF2E32FF-3BAF-4F92-982A-E2904CE16521}.Debug|Any CPU.Build.0 = Debug|Win32
		{BF2E32FF-3BAF-4F92-982A-E2904CE16521}.Debug|x64.ActiveCfg = Debug|x64
		{BF2E32FF-3BAF-4F92-982A-E2904CE16521}.Debug|x64.Build.0 = Debug|x64
		{BF2E32FF-3BAF-4F92-982A-E2904CE16521}.Debug|x86.ActiveCfg = Debug|Win32
		{BF2E32FF-3BAF-4F92-982A-E2904CE16521}.Debug|x86.Build.0 = Debug|Win32
		{BF2E32FF-3BAF-4F92-982A-E2904CE16521}.Release|Any CPU.ActiveCfg = Release|Win32
		{BF2E32FF-3BAF-4F92-982A-E2904CE16521}.Release|Any CPU.Build.0 = Release|Win32
		{BF2E32FF-3BAF-4F92-982A-E2904CE16521}.Release|x64.ActiveCfg = Release|x64
		{BF2E32FF-3BAF-4F92-982A-E2904CE16521}.Release|x64.Build.0 = Release|x64
		{BF2E32FF-3BAF-4F92-982A-E2904CE16521}.Release|x86.ActiveCfg = Release|Win32
		{BF2E32FF-3BAF-4F92-982A-E2904CE16521}.Release|x86.Build.0 = Release|Win32
		{F6D513D1-E1DB-4758-9973-94BD5066CB49}.Debug|Any CPU.ActiveCfg = Debug|x64
		{F6D513D1-E1DB-4758-9973-94BD5066CB49}.Debug|Any CPU.Build.0 = Debug|x64
		{F6D513D1-E1DB-4758-9973-94BD5066CB49}.Debug|x64.ActiveCfg = Debug|x64
		{F6D513D1-E1DB-4758-9973-94BD5066CB49}.Debug|x64.Build.0 = Debug|x64
		{F6D513D1-E1DB-4758-9973-94BD5066CB49}.Debug|x86.ActiveCfg = Debug|Win32
		{F6D513D1-E1DB-4758-9973-94BD5066CB49}.Debug|x86.Build.0 = Debug|Win32
		{F6D513D1-E1DB-4758-9973-94BD5066CB49}.Release|Any CPU.ActiveCfg = Release|x64
		{F6D513D1-E1DB-4758-9973-94BD5066CB49}.Release|Any CPU.Build.0 = Release|x64
		{F6D513D1-E1DB-4758-9973-94BD5066CB49}.Release|x64.ActiveCfg = Release|x64
		{F6D513D1-E1DB-4758-9973-94BD5066CB49}.Release|x64.Build.0 = Release|x64
		{F6D513D1-E1DB-4758-9973-94BD5066CB49}.Release|x86.ActiveCfg = Release|Win32
		{F6D513D1-E1DB-4758-9973-94BD5066CB49}.Release|x86.Build.0 = Release|Win32
		{2AA29B91-0528-411D-BFE9-F27C24B317C4}.Debug|Any CPU.ActiveCfg = Debug|x64
		{2AA29B91-0528-411D-BFE9-F27C24B317C4}.Debug|Any CPU.Build.0 = Debug|x64
		{2AA29B91-0528-411D-BFE9-F27C24B317C4}.Debug|x64.ActiveCfg = Debug|x64
		{2AA29B91-0528-411D-BFE9-F27C24B317C4}.Debug|x64.Build.0 = Debug|x64
		{2AA29B91-0528-411D-BFE9-F27C24B317C4}.Debug|x86.ActiveCfg = Debug|Win32
		{2AA29B91-0528-411D-BFE9-F27C24B317C4}.Debug|x86.Build.0 = Debug|Win32
		{2AA29B91-0528-411D-BFE9-F27C24B317C4}.Release|Any CPU.ActiveCfg = Release|x64
		{2AA29B91-0528-411D-BFE9-F27C24B317C4}.Release|Any CPU.Build.0 = Release|x64
		{2AA29B91-0528-411D-BFE9-F27C24B317C4}.Release|x64.ActiveCfg = Release|x64
		{2AA29B91-0528-411D-BFE9-F27C24B317C4}.Release|x64.Build.0 = Release|x64
		{2AA29B91-0528-411D-BFE9-F27C24B317C4}.Release|x86.ActiveCfg = Release|Win32
		{2AA29B91-0528-411D-BFE9-F27C24B317C4}.Release|x86.Build.0 = Release|Win32
	EndGlobalSection
	GlobalSection(SolutionProperties) = preSolution
		HideSolutionNode = FALSE
	EndGlobalSection
	GlobalSection(NestedProjects) = preSolution
		{0D3C481C-9631-4654-A4DE-4FA574338906} = {0521AC9F-DB3E-4566-8EE4-71700CAB3570}
		{E1B5588C-F2CF-44FA-A5C3-B862A26EF1F5} = {0521AC9F-DB3E-4566-8EE4-71700CAB3570}
		{E221BB03-AC7B-45E0-9382-6113FEDEC55F} = {E9B6EBD6-C6CD-4952-80B4-EA15679E0521}
		{BF2E32FF-3BAF-4F92-982A-E2904CE16521} = {B5D98884-2C0D-4AE5-A7A3-28E456B9BE5D}
		{F6D513D1-E1DB-4758-9973-94BD5066CB49} = {E9B6EBD6-C6CD-4952-80B4-EA15679E0521}
		{2AA29B91-0528-411D-BFE9-F27C24B317C4} = {E9B6EBD6-C6CD-4952-80B4-EA15679E0521}
		{E9B6EBD6-C6CD-4952-80B4-EA15679E0521} = {9EE8E818-5B67-4E61-BAB9-7786AD87C1AD}
		{B5D98884-2C0D-4AE5-A7A3-28E456B9BE5D} = {9EE8E818-5B67-4E61-BAB9-7786AD87C1AD}
	EndGlobalSection
	GlobalSection(ExtensibilityGlobals) = postSolution
		SolutionGuid = {4E7DBE52-9B10-4995-AE5E-8028366FED8A}
	EndGlobalSection
	GlobalSection(SharedMSBuildProjectFiles) = preSolution
		McEdShare\McEdShare.projitems*{0d3c481c-9631-4654-a4de-4fa574338906}*SharedItemsImports = 5
		McEdShare\McEdShare.projitems*{e1b5588c-f2cf-44fa-a5c3-b862a26ef1f5}*SharedItemsImports = 13
	EndGlobalSection
EndGlobal
